{
  "originHash" : "5850425aca730e863374bf16f97fbe229e9d5295130d6120f26c118e283dadab",
  "pins" : [
    {
      "identity" : "starscream",
      "kind" : "remoteSourceControl",
      "location" : "https://github.com/daltoniam/Starscream",
      "state" : {
        "revision" : "c6bfd1af48efcc9a9ad203665db12375ba6b145a",
        "version" : "4.0.8"
      }
    },
    {
      "identity" : "waterfallgrid",
      "kind" : "remoteSourceControl",
      "location" : "https://github.com/paololeonardi/WaterfallGrid",
      "state" : {
        "revision" : "c7c08652c3540adf8e48409c351879b4caea7e89",
        "version" : "1.1.0"
      }
    }
  ],
  "version" : 3
}
