// !$*UTF8*$!
{
	archiveVersion = 1;
	classes = {
	};
	objectVersion = 77;
	objects = {

/* Begin PBXBuildFile section */
		7655E7D42DDF2005006B0FB5 /* UserModel.swift in Sources */ = {isa = PBXBuildFile; fileRef = 7655E7D32DDF2005006B0FB5 /* UserModel.swift */; };
		7655E7D62DDF2044006B0FB5 /* ChatModel.swift in Sources */ = {isa = PBXBuildFile; fileRef = 7655E7D52DDF2044006B0FB5 /* ChatModel.swift */; };
		7655E7D82DDF2096006B0FB5 /* EmotionModel.swift in Sources */ = {isa = PBXBuildFile; fileRef = 7655E7D72DDF2096006B0FB5 /* EmotionModel.swift */; };
		7655E7DE2DE05D10006B0FB5 /* MoodCalendarView.swift in Sources */ = {isa = PBXBuildFile; fileRef = 7655E7DD2DE05D10006B0FB5 /* MoodCalendarView.swift */; };
		7655E7E92DE59D39006B0FB5 /* MoodRecord.swift in Sources */ = {isa = PBXBuildFile; fileRef = 7655E7E82DE59D39006B0FB5 /* MoodRecord.swift */; };
		7655E7EB2DE59E01006B0FB5 /* MoodCalendarViewModel.swift in Sources */ = {isa = PBXBuildFile; fileRef = 7655E7EA2DE59E01006B0FB5 /* MoodCalendarViewModel.swift */; };
		7655E7EF2DE9A1EE006B0FB5 /* StickerWallView.swift in Sources */ = {isa = PBXBuildFile; fileRef = 7655E7EE2DE9A1EE006B0FB5 /* StickerWallView.swift */; };
		7655E7F12DE9A257006B0FB5 /* Sticker.swift in Sources */ = {isa = PBXBuildFile; fileRef = 7655E7F02DE9A257006B0FB5 /* Sticker.swift */; };
		7655E7F32DE9A278006B0FB5 /* StickerWallViewModel.swift in Sources */ = {isa = PBXBuildFile; fileRef = 7655E7F22DE9A278006B0FB5 /* StickerWallViewModel.swift */; };
		7655E7F62DE9F82F006B0FB5 /* WaterfallGrid in Frameworks */ = {isa = PBXBuildFile; productRef = 7655E7F52DE9F82F006B0FB5 /* WaterfallGrid */; };
		7655E7FA2DEB724B006B0FB5 /* DottedUnderlineLabel.swift in Sources */ = {isa = PBXBuildFile; fileRef = 7655E7F92DEB724B006B0FB5 /* DottedUnderlineLabel.swift */; };
		76AA29FB2DC9043E003BD2A3 /* Preview Assets.xcassets in Resources */ = {isa = PBXBuildFile; fileRef = 76AA29F02DC9043E003BD2A3 /* Preview Assets.xcassets */; };
		76AA29FC2DC9043E003BD2A3 /* Assets.xcassets in Resources */ = {isa = PBXBuildFile; fileRef = 76AA29F22DC9043E003BD2A3 /* Assets.xcassets */; };
		76AA2A012DC9043E003BD2A3 /* PhiAIApp.swift in Sources */ = {isa = PBXBuildFile; fileRef = 76AA29F72DC9043E003BD2A3 /* PhiAIApp.swift */; };
		76AA2A082DC90531003BD2A3 /* MainView.swift in Sources */ = {isa = PBXBuildFile; fileRef = 76AA2A072DC90531003BD2A3 /* MainView.swift */; };
		76AA2A0D2DCA0DE3003BD2A3 /* RegView.swift in Sources */ = {isa = PBXBuildFile; fileRef = 76AA2A0C2DCA0DE3003BD2A3 /* RegView.swift */; };
		76AA2A0F2DCA1CC0003BD2A3 /* LogView.swift in Sources */ = {isa = PBXBuildFile; fileRef = 76AA2A0E2DCA1CC0003BD2A3 /* LogView.swift */; };
		76AA2A112DCA2EB8003BD2A3 /* MyView.swift in Sources */ = {isa = PBXBuildFile; fileRef = 76AA2A102DCA2EB8003BD2A3 /* MyView.swift */; };
		76AA2A132DCA40EB003BD2A3 /* ControlView.swift in Sources */ = {isa = PBXBuildFile; fileRef = 76AA2A122DCA40EB003BD2A3 /* ControlView.swift */; };
		76AA2A152DCA640C003BD2A3 /* AppViewModel.swift in Sources */ = {isa = PBXBuildFile; fileRef = 76AA2A142DCA640C003BD2A3 /* AppViewModel.swift */; };
		76AA2A172DCA653F003BD2A3 /* ProfileWrapperView.swift in Sources */ = {isa = PBXBuildFile; fileRef = 76AA2A162DCA653F003BD2A3 /* ProfileWrapperView.swift */; };
		76AA2A192DCAEEB8003BD2A3 /* LaunchScreen.storyboard in Resources */ = {isa = PBXBuildFile; fileRef = 76AA2A182DCAEEB8003BD2A3 /* LaunchScreen.storyboard */; };
		76AA2A1D2DCC94C4003BD2A3 /* ChatView.swift in Sources */ = {isa = PBXBuildFile; fileRef = 76AA2A1C2DCC94C4003BD2A3 /* ChatView.swift */; };
		76AA2A242DCDFAD9003BD2A3 /* ChatViewModel.swift in Sources */ = {isa = PBXBuildFile; fileRef = 76AA2A232DCDFAD9003BD2A3 /* ChatViewModel.swift */; };
		76AA2A372DD8334B003BD2A3 /* EditUserInfoView.swift in Sources */ = {isa = PBXBuildFile; fileRef = 76AA2A362DD8334B003BD2A3 /* EditUserInfoView.swift */; };
		76DC4DC72DEC134100B3F5B6 /* MoodEditorView.swift in Sources */ = {isa = PBXBuildFile; fileRef = 76DC4DC62DEC134100B3F5B6 /* MoodEditorView.swift */; };
		76DC4DC92DEC8DB300B3F5B6 /* MoodStatisticsCard.swift in Sources */ = {isa = PBXBuildFile; fileRef = 76DC4DC82DEC8DB300B3F5B6 /* MoodStatisticsCard.swift */; };
		76DC4DCB2DEC9DB100B3F5B6 /* AppointmentLoginView.swift in Sources */ = {isa = PBXBuildFile; fileRef = 76DC4DCA2DEC9DB100B3F5B6 /* AppointmentLoginView.swift */; };
		76DC4DCD2DEF2EE200B3F5B6 /* SpeechRecognizer.swift in Sources */ = {isa = PBXBuildFile; fileRef = 76DC4DCC2DEF2EE200B3F5B6 /* SpeechRecognizer.swift */; };
		76DC4DCF2DEF35BC00B3F5B6 /* AudioRecorder.swift in Sources */ = {isa = PBXBuildFile; fileRef = 76DC4DCE2DEF35BC00B3F5B6 /* AudioRecorder.swift */; };
		76DC4DD32DEF432000B3F5B6 /* APIManager.swift in Sources */ = {isa = PBXBuildFile; fileRef = 76DC4DD22DEF432000B3F5B6 /* APIManager.swift */; };
		76DC4DD52DEF435D00B3F5B6 /* ChatAPI.swift in Sources */ = {isa = PBXBuildFile; fileRef = 76DC4DD42DEF435D00B3F5B6 /* ChatAPI.swift */; };
		76DC4DD72DEF503300B3F5B6 /* MoodCalendarAPI.swift in Sources */ = {isa = PBXBuildFile; fileRef = 76DC4DD62DEF503300B3F5B6 /* MoodCalendarAPI.swift */; };
		76DC4DD92DEF507500B3F5B6 /* UserAPI.swift in Sources */ = {isa = PBXBuildFile; fileRef = 76DC4DD82DEF507500B3F5B6 /* UserAPI.swift */; };
		76DC4DDC2DEF57E100B3F5B6 /* Starscream in Frameworks */ = {isa = PBXBuildFile; productRef = 76DC4DDB2DEF57E100B3F5B6 /* Starscream */; };
		76DC4DDE2DEF58BF00B3F5B6 /* AIWebSocketClientStarscream.swift in Sources */ = {isa = PBXBuildFile; fileRef = 76DC4DDD2DEF58BF00B3F5B6 /* AIWebSocketClientStarscream.swift */; };
		76DC4DE02DF011FB00B3F5B6 /* AppointmentView.swift in Sources */ = {isa = PBXBuildFile; fileRef = 76DC4DDF2DF011FB00B3F5B6 /* AppointmentView.swift */; };
		76DC4DE22DF03E4900B3F5B6 /* AppointmentPlatformManager.swift in Sources */ = {isa = PBXBuildFile; fileRef = 76DC4DE12DF03E4900B3F5B6 /* AppointmentPlatformManager.swift */; };
		76DC4DE42DF03F4C00B3F5B6 /* Appointment.swift in Sources */ = {isa = PBXBuildFile; fileRef = 76DC4DE32DF03F4C00B3F5B6 /* Appointment.swift */; };
		76DC4DE62DF03FD500B3F5B6 /* AppointmentAPI.swift in Sources */ = {isa = PBXBuildFile; fileRef = 76DC4DE52DF03FD500B3F5B6 /* AppointmentAPI.swift */; };
		76DC4DE82DF1356500B3F5B6 /* DoctorListViewModel.swift in Sources */ = {isa = PBXBuildFile; fileRef = 76DC4DE72DF1356500B3F5B6 /* DoctorListViewModel.swift */; };
		76DC4DEA2DF149E100B3F5B6 /* AppointmentViewModel.swift in Sources */ = {isa = PBXBuildFile; fileRef = 76DC4DE92DF149E100B3F5B6 /* AppointmentViewModel.swift */; };
		76DC4DEC2DF1777500B3F5B6 /* ResourceModel.swift in Sources */ = {isa = PBXBuildFile; fileRef = 76DC4DEB2DF1777500B3F5B6 /* ResourceModel.swift */; };
/* End PBXBuildFile section */

/* Begin PBXCopyFilesBuildPhase section */
		76DC4DC52DEC064500B3F5B6 /* Embed Frameworks */ = {
			isa = PBXCopyFilesBuildPhase;
			buildActionMask = 2147483647;
			dstPath = "";
			dstSubfolderSpec = 10;
			files = (
			);
			name = "Embed Frameworks";
			runOnlyForDeploymentPostprocessing = 0;
		};
/* End PBXCopyFilesBuildPhase section */

/* Begin PBXFileReference section */
		7655E7D32DDF2005006B0FB5 /* UserModel.swift */ = {isa = PBXFileReference; lastKnownFileType = sourcecode.swift; path = UserModel.swift; sourceTree = "<group>"; };
		7655E7D52DDF2044006B0FB5 /* ChatModel.swift */ = {isa = PBXFileReference; lastKnownFileType = sourcecode.swift; path = ChatModel.swift; sourceTree = "<group>"; };
		7655E7D72DDF2096006B0FB5 /* EmotionModel.swift */ = {isa = PBXFileReference; lastKnownFileType = sourcecode.swift; path = EmotionModel.swift; sourceTree = "<group>"; };
		7655E7DD2DE05D10006B0FB5 /* MoodCalendarView.swift */ = {isa = PBXFileReference; lastKnownFileType = sourcecode.swift; path = MoodCalendarView.swift; sourceTree = "<group>"; };
		7655E7E82DE59D39006B0FB5 /* MoodRecord.swift */ = {isa = PBXFileReference; lastKnownFileType = sourcecode.swift; path = MoodRecord.swift; sourceTree = "<group>"; };
		7655E7EA2DE59E01006B0FB5 /* MoodCalendarViewModel.swift */ = {isa = PBXFileReference; lastKnownFileType = sourcecode.swift; path = MoodCalendarViewModel.swift; sourceTree = "<group>"; };
		7655E7EE2DE9A1EE006B0FB5 /* StickerWallView.swift */ = {isa = PBXFileReference; lastKnownFileType = sourcecode.swift; path = StickerWallView.swift; sourceTree = "<group>"; };
		7655E7F02DE9A257006B0FB5 /* Sticker.swift */ = {isa = PBXFileReference; lastKnownFileType = sourcecode.swift; path = Sticker.swift; sourceTree = "<group>"; };
		7655E7F22DE9A278006B0FB5 /* StickerWallViewModel.swift */ = {isa = PBXFileReference; lastKnownFileType = sourcecode.swift; path = StickerWallViewModel.swift; sourceTree = "<group>"; };
		7655E7F92DEB724B006B0FB5 /* DottedUnderlineLabel.swift */ = {isa = PBXFileReference; lastKnownFileType = sourcecode.swift; path = DottedUnderlineLabel.swift; sourceTree = "<group>"; };
		76AA29D42DC8FC46003BD2A3 /* PhiAI.app */ = {isa = PBXFileReference; explicitFileType = wrapper.application; includeInIndex = 0; path = PhiAI.app; sourceTree = BUILT_PRODUCTS_DIR; };
		76AA29F02DC9043E003BD2A3 /* Preview Assets.xcassets */ = {isa = PBXFileReference; lastKnownFileType = folder.assetcatalog; path = "Preview Assets.xcassets"; sourceTree = "<group>"; };
		76AA29F22DC9043E003BD2A3 /* Assets.xcassets */ = {isa = PBXFileReference; lastKnownFileType = folder.assetcatalog; path = Assets.xcassets; sourceTree = "<group>"; };
		76AA29F72DC9043E003BD2A3 /* PhiAIApp.swift */ = {isa = PBXFileReference; lastKnownFileType = sourcecode.swift; path = PhiAIApp.swift; sourceTree = "<group>"; };
		76AA2A072DC90531003BD2A3 /* MainView.swift */ = {isa = PBXFileReference; lastKnownFileType = sourcecode.swift; path = MainView.swift; sourceTree = "<group>"; };
		76AA2A0C2DCA0DE3003BD2A3 /* RegView.swift */ = {isa = PBXFileReference; lastKnownFileType = sourcecode.swift; path = RegView.swift; sourceTree = "<group>"; };
		76AA2A0E2DCA1CC0003BD2A3 /* LogView.swift */ = {isa = PBXFileReference; lastKnownFileType = sourcecode.swift; path = LogView.swift; sourceTree = "<group>"; };
		76AA2A102DCA2EB8003BD2A3 /* MyView.swift */ = {isa = PBXFileReference; lastKnownFileType = sourcecode.swift; path = MyView.swift; sourceTree = "<group>"; };
		76AA2A122DCA40EB003BD2A3 /* ControlView.swift */ = {isa = PBXFileReference; lastKnownFileType = sourcecode.swift; path = ControlView.swift; sourceTree = "<group>"; };
		76AA2A142DCA640C003BD2A3 /* AppViewModel.swift */ = {isa = PBXFileReference; lastKnownFileType = sourcecode.swift; path = AppViewModel.swift; sourceTree = "<group>"; };
		76AA2A162DCA653F003BD2A3 /* ProfileWrapperView.swift */ = {isa = PBXFileReference; lastKnownFileType = sourcecode.swift; path = ProfileWrapperView.swift; sourceTree = "<group>"; };
		76AA2A182DCAEEB8003BD2A3 /* LaunchScreen.storyboard */ = {isa = PBXFileReference; lastKnownFileType = file.storyboard; path = LaunchScreen.storyboard; sourceTree = "<group>"; };
		76AA2A1C2DCC94C4003BD2A3 /* ChatView.swift */ = {isa = PBXFileReference; lastKnownFileType = sourcecode.swift; path = ChatView.swift; sourceTree = "<group>"; };
		76AA2A232DCDFAD9003BD2A3 /* ChatViewModel.swift */ = {isa = PBXFileReference; lastKnownFileType = sourcecode.swift; path = ChatViewModel.swift; sourceTree = "<group>"; };
		76AA2A352DD748D9003BD2A3 /* Info.plist */ = {isa = PBXFileReference; lastKnownFileType = text.plist; path = Info.plist; sourceTree = "<group>"; };
		76AA2A362DD8334B003BD2A3 /* EditUserInfoView.swift */ = {isa = PBXFileReference; lastKnownFileType = sourcecode.swift; path = EditUserInfoView.swift; sourceTree = "<group>"; };
		76DC4DC62DEC134100B3F5B6 /* MoodEditorView.swift */ = {isa = PBXFileReference; lastKnownFileType = sourcecode.swift; path = MoodEditorView.swift; sourceTree = "<group>"; };
		76DC4DC82DEC8DB300B3F5B6 /* MoodStatisticsCard.swift */ = {isa = PBXFileReference; lastKnownFileType = sourcecode.swift; path = MoodStatisticsCard.swift; sourceTree = "<group>"; };
		76DC4DCA2DEC9DB100B3F5B6 /* AppointmentLoginView.swift */ = {isa = PBXFileReference; lastKnownFileType = sourcecode.swift; path = AppointmentLoginView.swift; sourceTree = "<group>"; };
		76DC4DCC2DEF2EE200B3F5B6 /* SpeechRecognizer.swift */ = {isa = PBXFileReference; lastKnownFileType = sourcecode.swift; path = SpeechRecognizer.swift; sourceTree = "<group>"; };
		76DC4DCE2DEF35BC00B3F5B6 /* AudioRecorder.swift */ = {isa = PBXFileReference; lastKnownFileType = sourcecode.swift; path = AudioRecorder.swift; sourceTree = "<group>"; };
		76DC4DD22DEF432000B3F5B6 /* APIManager.swift */ = {isa = PBXFileReference; lastKnownFileType = sourcecode.swift; path = APIManager.swift; sourceTree = "<group>"; };
		76DC4DD42DEF435D00B3F5B6 /* ChatAPI.swift */ = {isa = PBXFileReference; lastKnownFileType = sourcecode.swift; path = ChatAPI.swift; sourceTree = "<group>"; };
		76DC4DD62DEF503300B3F5B6 /* MoodCalendarAPI.swift */ = {isa = PBXFileReference; lastKnownFileType = sourcecode.swift; path = MoodCalendarAPI.swift; sourceTree = "<group>"; };
		76DC4DD82DEF507500B3F5B6 /* UserAPI.swift */ = {isa = PBXFileReference; lastKnownFileType = sourcecode.swift; path = UserAPI.swift; sourceTree = "<group>"; };
		76DC4DDD2DEF58BF00B3F5B6 /* AIWebSocketClientStarscream.swift */ = {isa = PBXFileReference; lastKnownFileType = sourcecode.swift; path = AIWebSocketClientStarscream.swift; sourceTree = "<group>"; };
		76DC4DDF2DF011FB00B3F5B6 /* AppointmentView.swift */ = {isa = PBXFileReference; lastKnownFileType = sourcecode.swift; path = AppointmentView.swift; sourceTree = "<group>"; };
		76DC4DE12DF03E4900B3F5B6 /* AppointmentPlatformManager.swift */ = {isa = PBXFileReference; lastKnownFileType = sourcecode.swift; path = AppointmentPlatformManager.swift; sourceTree = "<group>"; };
		76DC4DE32DF03F4C00B3F5B6 /* Appointment.swift */ = {isa = PBXFileReference; lastKnownFileType = sourcecode.swift; path = Appointment.swift; sourceTree = "<group>"; };
		76DC4DE52DF03FD500B3F5B6 /* AppointmentAPI.swift */ = {isa = PBXFileReference; lastKnownFileType = sourcecode.swift; path = AppointmentAPI.swift; sourceTree = "<group>"; };
		76DC4DE72DF1356500B3F5B6 /* DoctorListViewModel.swift */ = {isa = PBXFileReference; lastKnownFileType = sourcecode.swift; path = DoctorListViewModel.swift; sourceTree = "<group>"; };
		76DC4DE92DF149E100B3F5B6 /* AppointmentViewModel.swift */ = {isa = PBXFileReference; lastKnownFileType = sourcecode.swift; path = AppointmentViewModel.swift; sourceTree = "<group>"; };
		76DC4DEB2DF1777500B3F5B6 /* ResourceModel.swift */ = {isa = PBXFileReference; lastKnownFileType = sourcecode.swift; path = ResourceModel.swift; sourceTree = "<group>"; };
/* End PBXFileReference section */

/* Begin PBXFrameworksBuildPhase section */
		76AA29D12DC8FC46003BD2A3 /* Frameworks */ = {
			isa = PBXFrameworksBuildPhase;
			buildActionMask = 2147483647;
			files = (
				7655E7F62DE9F82F006B0FB5 /* WaterfallGrid in Frameworks */,
				76DC4DDC2DEF57E100B3F5B6 /* Starscream in Frameworks */,
			);
			runOnlyForDeploymentPostprocessing = 0;
		};
/* End PBXFrameworksBuildPhase section */

/* Begin PBXGroup section */
		76AA29CB2DC8FC46003BD2A3 = {
			isa = PBXGroup;
			children = (
				76AA29F82DC9043E003BD2A3 /* PhiAI */,
				76AA29D52DC8FC46003BD2A3 /* Products */,
			);
			sourceTree = "<group>";
		};
		76AA29D52DC8FC46003BD2A3 /* Products */ = {
			isa = PBXGroup;
			children = (
				76AA29D42DC8FC46003BD2A3 /* PhiAI.app */,
			);
			name = Products;
			sourceTree = "<group>";
		};
		76AA29F12DC9043E003BD2A3 /* Preview Content */ = {
			isa = PBXGroup;
			children = (
				76AA29F02DC9043E003BD2A3 /* Preview Assets.xcassets */,
			);
			path = "Preview Content";
			sourceTree = "<group>";
		};
		76AA29F82DC9043E003BD2A3 /* PhiAI */ = {
			isa = PBXGroup;
			children = (
				76DC4DD12DEF425800B3F5B6 /* API */,
				76AA2A352DD748D9003BD2A3 /* Info.plist */,
				76AA2A042DC90465003BD2A3 /* ViewModels */,
				76AA2A032DC90457003BD2A3 /* Models */,
				76AA2A022DC90445003BD2A3 /* Views */,
				76AA29F12DC9043E003BD2A3 /* Preview Content */,
				76AA29F22DC9043E003BD2A3 /* Assets.xcassets */,
				76AA29F72DC9043E003BD2A3 /* PhiAIApp.swift */,
			);
			path = PhiAI;
			sourceTree = "<group>";
		};
		76AA2A022DC90445003BD2A3 /* Views */ = {
			isa = PBXGroup;
			children = (
				76DC4DDF2DF011FB00B3F5B6 /* AppointmentView.swift */,
				76DC4DCA2DEC9DB100B3F5B6 /* AppointmentLoginView.swift */,
				7655E7F92DEB724B006B0FB5 /* DottedUnderlineLabel.swift */,
				7655E7EE2DE9A1EE006B0FB5 /* StickerWallView.swift */,
				7655E7DD2DE05D10006B0FB5 /* MoodCalendarView.swift */,
				76AA2A072DC90531003BD2A3 /* MainView.swift */,
				76AA2A0C2DCA0DE3003BD2A3 /* RegView.swift */,
				76AA2A0E2DCA1CC0003BD2A3 /* LogView.swift */,
				76AA2A102DCA2EB8003BD2A3 /* MyView.swift */,
				76AA2A122DCA40EB003BD2A3 /* ControlView.swift */,
				76AA2A162DCA653F003BD2A3 /* ProfileWrapperView.swift */,
				76AA2A182DCAEEB8003BD2A3 /* LaunchScreen.storyboard */,
				76AA2A1C2DCC94C4003BD2A3 /* ChatView.swift */,
				76AA2A362DD8334B003BD2A3 /* EditUserInfoView.swift */,
				76DC4DC62DEC134100B3F5B6 /* MoodEditorView.swift */,
				76DC4DC82DEC8DB300B3F5B6 /* MoodStatisticsCard.swift */,
			);
			path = Views;
			sourceTree = "<group>";
		};
		76AA2A032DC90457003BD2A3 /* Models */ = {
			isa = PBXGroup;
			children = (
				7655E7F02DE9A257006B0FB5 /* Sticker.swift */,
				7655E7E82DE59D39006B0FB5 /* MoodRecord.swift */,
				7655E7D32DDF2005006B0FB5 /* UserModel.swift */,
				7655E7D52DDF2044006B0FB5 /* ChatModel.swift */,
				7655E7D72DDF2096006B0FB5 /* EmotionModel.swift */,
				76DC4DE32DF03F4C00B3F5B6 /* Appointment.swift */,
			);
			path = Models;
			sourceTree = "<group>";
		};
		76AA2A042DC90465003BD2A3 /* ViewModels */ = {
			isa = PBXGroup;
			children = (
				76DC4DE92DF149E100B3F5B6 /* AppointmentViewModel.swift */,
				76DC4DE72DF1356500B3F5B6 /* DoctorListViewModel.swift */,
				76DC4DE12DF03E4900B3F5B6 /* AppointmentPlatformManager.swift */,
				76DC4DCE2DEF35BC00B3F5B6 /* AudioRecorder.swift */,
				76DC4DCC2DEF2EE200B3F5B6 /* SpeechRecognizer.swift */,
				7655E7F22DE9A278006B0FB5 /* StickerWallViewModel.swift */,
				7655E7EA2DE59E01006B0FB5 /* MoodCalendarViewModel.swift */,
				76AA2A142DCA640C003BD2A3 /* AppViewModel.swift */,
				76AA2A232DCDFAD9003BD2A3 /* ChatViewModel.swift */,
				76DC4DEB2DF1777500B3F5B6 /* ResourceModel.swift */,
			);
			path = ViewModels;
			sourceTree = "<group>";
		};
		76DC4DD12DEF425800B3F5B6 /* API */ = {
			isa = PBXGroup;
			children = (
				76DC4DDD2DEF58BF00B3F5B6 /* AIWebSocketClientStarscream.swift */,
				76DC4DD42DEF435D00B3F5B6 /* ChatAPI.swift */,
				76DC4DD22DEF432000B3F5B6 /* APIManager.swift */,
				76DC4DD62DEF503300B3F5B6 /* MoodCalendarAPI.swift */,
				76DC4DD82DEF507500B3F5B6 /* UserAPI.swift */,
				76DC4DE52DF03FD500B3F5B6 /* AppointmentAPI.swift */,
			);
			path = API;
			sourceTree = "<group>";
		};
/* End PBXGroup section */

/* Begin PBXNativeTarget section */
		76AA29D32DC8FC46003BD2A3 /* PhiAI */ = {
			isa = PBXNativeTarget;
			buildConfigurationList = 76AA29E72DC8FC49003BD2A3 /* Build configuration list for PBXNativeTarget "PhiAI" */;
			buildPhases = (
				76AA29D02DC8FC46003BD2A3 /* Sources */,
				76AA29D12DC8FC46003BD2A3 /* Frameworks */,
				76AA29D22DC8FC46003BD2A3 /* Resources */,
				76DC4DC52DEC064500B3F5B6 /* Embed Frameworks */,
			);
			buildRules = (
			);
			dependencies = (
			);
			name = PhiAI;
			packageProductDependencies = (
				7655E7F52DE9F82F006B0FB5 /* WaterfallGrid */,
				76DC4DDB2DEF57E100B3F5B6 /* Starscream */,
			);
			productName = PhiAI;
			productReference = 76AA29D42DC8FC46003BD2A3 /* PhiAI.app */;
			productType = "com.apple.product-type.application";
		};
/* End PBXNativeTarget section */

/* Begin PBXProject section */
		76AA29CC2DC8FC46003BD2A3 /* Project object */ = {
			isa = PBXProject;
			attributes = {
				BuildIndependentTargetsInParallel = 1;
				LastSwiftUpdateCheck = 1620;
				LastUpgradeCheck = 1620;
				TargetAttributes = {
					76AA29D32DC8FC46003BD2A3 = {
						CreatedOnToolsVersion = 16.2;
					};
				};
			};
			buildConfigurationList = 76AA29CF2DC8FC46003BD2A3 /* Build configuration list for PBXProject "PhiAI" */;
			developmentRegion = en;
			hasScannedForEncodings = 0;
			knownRegions = (
				en,
			);
			mainGroup = 76AA29CB2DC8FC46003BD2A3;
			minimizedProjectReferenceProxies = 1;
			packageReferences = (
				7655E7F42DE9F82F006B0FB5 /* XCRemoteSwiftPackageReference "WaterfallGrid" */,
				76DC4DDA2DEF57E100B3F5B6 /* XCRemoteSwiftPackageReference "Starscream" */,
			);
			preferredProjectObjectVersion = 77;
			productRefGroup = 76AA29D52DC8FC46003BD2A3 /* Products */;
			projectDirPath = "";
			projectRoot = "";
			targets = (
				76AA29D32DC8FC46003BD2A3 /* PhiAI */,
			);
		};
/* End PBXProject section */

/* Begin PBXResourcesBuildPhase section */
		76AA29D22DC8FC46003BD2A3 /* Resources */ = {
			isa = PBXResourcesBuildPhase;
			buildActionMask = 2147483647;
			files = (
				76AA2A192DCAEEB8003BD2A3 /* LaunchScreen.storyboard in Resources */,
				76AA29FB2DC9043E003BD2A3 /* Preview Assets.xcassets in Resources */,
				76AA29FC2DC9043E003BD2A3 /* Assets.xcassets in Resources */,
			);
			runOnlyForDeploymentPostprocessing = 0;
		};
/* End PBXResourcesBuildPhase section */

/* Begin PBXSourcesBuildPhase section */
		76AA29D02DC8FC46003BD2A3 /* Sources */ = {
			isa = PBXSourcesBuildPhase;
			buildActionMask = 2147483647;
			files = (
				7655E7FA2DEB724B006B0FB5 /* DottedUnderlineLabel.swift in Sources */,
				76DC4DE22DF03E4900B3F5B6 /* AppointmentPlatformManager.swift in Sources */,
				76DC4DE62DF03FD500B3F5B6 /* AppointmentAPI.swift in Sources */,
				76DC4DD92DEF507500B3F5B6 /* UserAPI.swift in Sources */,
				76AA2A0D2DCA0DE3003BD2A3 /* RegView.swift in Sources */,
				76DC4DCB2DEC9DB100B3F5B6 /* AppointmentLoginView.swift in Sources */,
				76AA2A152DCA640C003BD2A3 /* AppViewModel.swift in Sources */,
				76AA2A132DCA40EB003BD2A3 /* ControlView.swift in Sources */,
				76DC4DD32DEF432000B3F5B6 /* APIManager.swift in Sources */,
				7655E7E92DE59D39006B0FB5 /* MoodRecord.swift in Sources */,
				7655E7EB2DE59E01006B0FB5 /* MoodCalendarViewModel.swift in Sources */,
				76AA2A112DCA2EB8003BD2A3 /* MyView.swift in Sources */,
				76DC4DC92DEC8DB300B3F5B6 /* MoodStatisticsCard.swift in Sources */,
				76AA2A242DCDFAD9003BD2A3 /* ChatViewModel.swift in Sources */,
				76DC4DD72DEF503300B3F5B6 /* MoodCalendarAPI.swift in Sources */,
				76DC4DDE2DEF58BF00B3F5B6 /* AIWebSocketClientStarscream.swift in Sources */,
				76DC4DE42DF03F4C00B3F5B6 /* Appointment.swift in Sources */,
				76AA2A082DC90531003BD2A3 /* MainView.swift in Sources */,
				76DC4DCF2DEF35BC00B3F5B6 /* AudioRecorder.swift in Sources */,
				7655E7EF2DE9A1EE006B0FB5 /* StickerWallView.swift in Sources */,
				76AA2A1D2DCC94C4003BD2A3 /* ChatView.swift in Sources */,
				76DC4DE02DF011FB00B3F5B6 /* AppointmentView.swift in Sources */,
				76AA2A172DCA653F003BD2A3 /* ProfileWrapperView.swift in Sources */,
				7655E7D42DDF2005006B0FB5 /* UserModel.swift in Sources */,
				76DC4DC72DEC134100B3F5B6 /* MoodEditorView.swift in Sources */,
				76AA2A0F2DCA1CC0003BD2A3 /* LogView.swift in Sources */,
				76AA2A372DD8334B003BD2A3 /* EditUserInfoView.swift in Sources */,
				7655E7F32DE9A278006B0FB5 /* StickerWallViewModel.swift in Sources */,
				76DC4DCD2DEF2EE200B3F5B6 /* SpeechRecognizer.swift in Sources */,
				7655E7F12DE9A257006B0FB5 /* Sticker.swift in Sources */,
				7655E7DE2DE05D10006B0FB5 /* MoodCalendarView.swift in Sources */,
				76DC4DEC2DF1777500B3F5B6 /* ResourceModel.swift in Sources */,
				76DC4DEA2DF149E100B3F5B6 /* AppointmentViewModel.swift in Sources */,
				76DC4DD52DEF435D00B3F5B6 /* ChatAPI.swift in Sources */,
				76AA2A012DC9043E003BD2A3 /* PhiAIApp.swift in Sources */,
				7655E7D82DDF2096006B0FB5 /* EmotionModel.swift in Sources */,
				7655E7D62DDF2044006B0FB5 /* ChatModel.swift in Sources */,
				76DC4DE82DF1356500B3F5B6 /* DoctorListViewModel.swift in Sources */,
			);
			runOnlyForDeploymentPostprocessing = 0;
		};
/* End PBXSourcesBuildPhase section */

/* Begin XCBuildConfiguration section */
		76AA29E52DC8FC49003BD2A3 /* Debug */ = {
			isa = XCBuildConfiguration;
			buildSettings = {
				ALWAYS_SEARCH_USER_PATHS = NO;
				ASSETCATALOG_COMPILER_GENERATE_SWIFT_ASSET_SYMBOL_EXTENSIONS = YES;
				CLANG_ANALYZER_NONNULL = YES;
				CLANG_ANALYZER_NUMBER_OBJECT_CONVERSION = YES_AGGRESSIVE;
				CLANG_CXX_LANGUAGE_STANDARD = "gnu++20";
				CLANG_ENABLE_MODULES = YES;
				CLANG_ENABLE_OBJC_ARC = YES;
				CLANG_ENABLE_OBJC_WEAK = YES;
				CLANG_WARN_BLOCK_CAPTURE_AUTORELEASING = YES;
				CLANG_WARN_BOOL_CONVERSION = YES;
				CLANG_WARN_COMMA = YES;
				CLANG_WARN_CONSTANT_CONVERSION = YES;
				CLANG_WARN_DEPRECATED_OBJC_IMPLEMENTATIONS = YES;
				CLANG_WARN_DIRECT_OBJC_ISA_USAGE = YES_ERROR;
				CLANG_WARN_DOCUMENTATION_COMMENTS = YES;
				CLANG_WARN_EMPTY_BODY = YES;
				CLANG_WARN_ENUM_CONVERSION = YES;
				CLANG_WARN_INFINITE_RECURSION = YES;
				CLANG_WARN_INT_CONVERSION = YES;
				CLANG_WARN_NON_LITERAL_NULL_CONVERSION = YES;
				CLANG_WARN_OBJC_IMPLICIT_RETAIN_SELF = YES;
				CLANG_WARN_OBJC_LITERAL_CONVERSION = YES;
				CLANG_WARN_OBJC_ROOT_CLASS = YES_ERROR;
				CLANG_WARN_QUOTED_INCLUDE_IN_FRAMEWORK_HEADER = YES;
				CLANG_WARN_RANGE_LOOP_ANALYSIS = YES;
				CLANG_WARN_STRICT_PROTOTYPES = YES;
				CLANG_WARN_SUSPICIOUS_MOVE = YES;
				CLANG_WARN_UNGUARDED_AVAILABILITY = YES_AGGRESSIVE;
				CLANG_WARN_UNREACHABLE_CODE = YES;
				CLANG_WARN__DUPLICATE_METHOD_MATCH = YES;
				COPY_PHASE_STRIP = NO;
				DEBUG_INFORMATION_FORMAT = dwarf;
				ENABLE_STRICT_OBJC_MSGSEND = YES;
				ENABLE_TESTABILITY = YES;
				ENABLE_USER_SCRIPT_SANDBOXING = YES;
				GCC_C_LANGUAGE_STANDARD = gnu17;
				GCC_DYNAMIC_NO_PIC = NO;
				GCC_NO_COMMON_BLOCKS = YES;
				GCC_OPTIMIZATION_LEVEL = 0;
				GCC_PREPROCESSOR_DEFINITIONS = (
					"DEBUG=1",
					"$(inherited)",
				);
				GCC_WARN_64_TO_32_BIT_CONVERSION = YES;
				GCC_WARN_ABOUT_RETURN_TYPE = YES_ERROR;
				GCC_WARN_UNDECLARED_SELECTOR = YES;
				GCC_WARN_UNINITIALIZED_AUTOS = YES_AGGRESSIVE;
				GCC_WARN_UNUSED_FUNCTION = YES;
				GCC_WARN_UNUSED_VARIABLE = YES;
				IPHONEOS_DEPLOYMENT_TARGET = 18.2;
				LOCALIZATION_PREFERS_STRING_CATALOGS = YES;
				MTL_ENABLE_DEBUG_INFO = INCLUDE_SOURCE;
				MTL_FAST_MATH = YES;
				ONLY_ACTIVE_ARCH = YES;
				SDKROOT = iphoneos;
				SWIFT_ACTIVE_COMPILATION_CONDITIONS = "DEBUG $(inherited)";
				SWIFT_OPTIMIZATION_LEVEL = "-Onone";
			};
			name = Debug;
		};
		76AA29E62DC8FC49003BD2A3 /* Release */ = {
			isa = XCBuildConfiguration;
			buildSettings = {
				ALWAYS_SEARCH_USER_PATHS = NO;
				ASSETCATALOG_COMPILER_GENERATE_SWIFT_ASSET_SYMBOL_EXTENSIONS = YES;
				CLANG_ANALYZER_NONNULL = YES;
				CLANG_ANALYZER_NUMBER_OBJECT_CONVERSION = YES_AGGRESSIVE;
				CLANG_CXX_LANGUAGE_STANDARD = "gnu++20";
				CLANG_ENABLE_MODULES = YES;
				CLANG_ENABLE_OBJC_ARC = YES;
				CLANG_ENABLE_OBJC_WEAK = YES;
				CLANG_WARN_BLOCK_CAPTURE_AUTORELEASING = YES;
				CLANG_WARN_BOOL_CONVERSION = YES;
				CLANG_WARN_COMMA = YES;
				CLANG_WARN_CONSTANT_CONVERSION = YES;
				CLANG_WARN_DEPRECATED_OBJC_IMPLEMENTATIONS = YES;
				CLANG_WARN_DIRECT_OBJC_ISA_USAGE = YES_ERROR;
				CLANG_WARN_DOCUMENTATION_COMMENTS = YES;
				CLANG_WARN_EMPTY_BODY = YES;
				CLANG_WARN_ENUM_CONVERSION = YES;
				CLANG_WARN_INFINITE_RECURSION = YES;
				CLANG_WARN_INT_CONVERSION = YES;
				CLANG_WARN_NON_LITERAL_NULL_CONVERSION = YES;
				CLANG_WARN_OBJC_IMPLICIT_RETAIN_SELF = YES;
				CLANG_WARN_OBJC_LITERAL_CONVERSION = YES;
				CLANG_WARN_OBJC_ROOT_CLASS = YES_ERROR;
				CLANG_WARN_QUOTED_INCLUDE_IN_FRAMEWORK_HEADER = YES;
				CLANG_WARN_RANGE_LOOP_ANALYSIS = YES;
				CLANG_WARN_STRICT_PROTOTYPES = YES;
				CLANG_WARN_SUSPICIOUS_MOVE = YES;
				CLANG_WARN_UNGUARDED_AVAILABILITY = YES_AGGRESSIVE;
				CLANG_WARN_UNREACHABLE_CODE = YES;
				CLANG_WARN__DUPLICATE_METHOD_MATCH = YES;
				COPY_PHASE_STRIP = NO;
				DEBUG_INFORMATION_FORMAT = "dwarf-with-dsym";
				ENABLE_NS_ASSERTIONS = NO;
				ENABLE_STRICT_OBJC_MSGSEND = YES;
				ENABLE_USER_SCRIPT_SANDBOXING = YES;
				GCC_C_LANGUAGE_STANDARD = gnu17;
				GCC_NO_COMMON_BLOCKS = YES;
				GCC_WARN_64_TO_32_BIT_CONVERSION = YES;
				GCC_WARN_ABOUT_RETURN_TYPE = YES_ERROR;
				GCC_WARN_UNDECLARED_SELECTOR = YES;
				GCC_WARN_UNINITIALIZED_AUTOS = YES_AGGRESSIVE;
				GCC_WARN_UNUSED_FUNCTION = YES;
				GCC_WARN_UNUSED_VARIABLE = YES;
				IPHONEOS_DEPLOYMENT_TARGET = 18.2;
				LOCALIZATION_PREFERS_STRING_CATALOGS = YES;
				MTL_ENABLE_DEBUG_INFO = NO;
				MTL_FAST_MATH = YES;
				SDKROOT = iphoneos;
				SWIFT_COMPILATION_MODE = wholemodule;
				VALIDATE_PRODUCT = YES;
			};
			name = Release;
		};
		76AA29E82DC8FC49003BD2A3 /* Debug */ = {
			isa = XCBuildConfiguration;
			buildSettings = {
				ASSETCATALOG_COMPILER_APPICON_NAME = AppIcon;
				ASSETCATALOG_COMPILER_GLOBAL_ACCENT_COLOR_NAME = AccentColor;
				ASSETCATALOG_COMPILER_INCLUDE_ALL_APPICON_ASSETS = YES;
				CODE_SIGN_STYLE = Automatic;
				CURRENT_PROJECT_VERSION = 1;
				DEVELOPMENT_ASSET_PATHS = "\"PhiAI/Preview Content\"";
				DEVELOPMENT_TEAM = RKV9W39CAR;
				ENABLE_PREVIEWS = YES;
				GENERATE_INFOPLIST_FILE = YES;
				INFOPLIST_FILE = PhiAI/Info.plist;
				INFOPLIST_KEY_CFBundleDisplayName = MindBot;
				INFOPLIST_KEY_NSMicrophoneUsageDescription = "App 需要使用麦克风进行语音识别";
				INFOPLIST_KEY_NSSpeechRecognitionUsageDescription = "我们需要使用语音识别来将语音转为文字";
				INFOPLIST_KEY_UIApplicationSceneManifest_Generation = YES;
				INFOPLIST_KEY_UIApplicationSupportsIndirectInputEvents = YES;
				INFOPLIST_KEY_UILaunchStoryboardName = LaunchScreen;
				INFOPLIST_KEY_UISupportedInterfaceOrientations_iPad = "UIInterfaceOrientationPortrait UIInterfaceOrientationPortraitUpsideDown UIInterfaceOrientationLandscapeLeft UIInterfaceOrientationLandscapeRight";
				INFOPLIST_KEY_UISupportedInterfaceOrientations_iPhone = "UIInterfaceOrientationPortrait UIInterfaceOrientationLandscapeLeft UIInterfaceOrientationLandscapeRight";
				IPHONEOS_DEPLOYMENT_TARGET = 16.6;
				LD_RUNPATH_SEARCH_PATHS = (
					"$(inherited)",
					"@executable_path/Frameworks",
				);
				MARKETING_VERSION = 1.0;
				PRODUCT_BUNDLE_IDENTIFIER = com.myorganization.PhiAI;
				PRODUCT_NAME = "$(TARGET_NAME)";
				SWIFT_EMIT_LOC_STRINGS = YES;
				SWIFT_VERSION = 5.0;
				TARGETED_DEVICE_FAMILY = "1,2";
			};
			name = Debug;
		};
		76AA29E92DC8FC49003BD2A3 /* Release */ = {
			isa = XCBuildConfiguration;
			buildSettings = {
				ASSETCATALOG_COMPILER_APPICON_NAME = AppIcon;
				ASSETCATALOG_COMPILER_GLOBAL_ACCENT_COLOR_NAME = AccentColor;
				ASSETCATALOG_COMPILER_INCLUDE_ALL_APPICON_ASSETS = YES;
				CODE_SIGN_STYLE = Automatic;
				CURRENT_PROJECT_VERSION = 1;
				DEVELOPMENT_ASSET_PATHS = "\"PhiAI/Preview Content\"";
				DEVELOPMENT_TEAM = RKV9W39CAR;
				ENABLE_PREVIEWS = YES;
				GENERATE_INFOPLIST_FILE = YES;
				INFOPLIST_FILE = PhiAI/Info.plist;
				INFOPLIST_KEY_CFBundleDisplayName = MindBot;
				INFOPLIST_KEY_NSMicrophoneUsageDescription = "App 需要使用麦克风进行语音识别";
				INFOPLIST_KEY_NSSpeechRecognitionUsageDescription = "我们需要使用语音识别来将语音转为文字";
				INFOPLIST_KEY_UIApplicationSceneManifest_Generation = YES;
				INFOPLIST_KEY_UIApplicationSupportsIndirectInputEvents = YES;
				INFOPLIST_KEY_UILaunchStoryboardName = LaunchScreen;
				INFOPLIST_KEY_UISupportedInterfaceOrientations_iPad = "UIInterfaceOrientationPortrait UIInterfaceOrientationPortraitUpsideDown UIInterfaceOrientationLandscapeLeft UIInterfaceOrientationLandscapeRight";
				INFOPLIST_KEY_UISupportedInterfaceOrientations_iPhone = "UIInterfaceOrientationPortrait UIInterfaceOrientationLandscapeLeft UIInterfaceOrientationLandscapeRight";
				IPHONEOS_DEPLOYMENT_TARGET = 16.6;
				LD_RUNPATH_SEARCH_PATHS = (
					"$(inherited)",
					"@executable_path/Frameworks",
				);
				MARKETING_VERSION = 1.0;
				PRODUCT_BUNDLE_IDENTIFIER = com.myorganization.PhiAI;
				PRODUCT_NAME = "$(TARGET_NAME)";
				SWIFT_EMIT_LOC_STRINGS = YES;
				SWIFT_VERSION = 5.0;
				TARGETED_DEVICE_FAMILY = "1,2";
			};
			name = Release;
		};
/* End XCBuildConfiguration section */

/* Begin XCConfigurationList section */
		76AA29CF2DC8FC46003BD2A3 /* Build configuration list for PBXProject "PhiAI" */ = {
			isa = XCConfigurationList;
			buildConfigurations = (
				76AA29E52DC8FC49003BD2A3 /* Debug */,
				76AA29E62DC8FC49003BD2A3 /* Release */,
			);
			defaultConfigurationIsVisible = 0;
			defaultConfigurationName = Release;
		};
		76AA29E72DC8FC49003BD2A3 /* Build configuration list for PBXNativeTarget "PhiAI" */ = {
			isa = XCConfigurationList;
			buildConfigurations = (
				76AA29E82DC8FC49003BD2A3 /* Debug */,
				76AA29E92DC8FC49003BD2A3 /* Release */,
			);
			defaultConfigurationIsVisible = 0;
			defaultConfigurationName = Release;
		};
/* End XCConfigurationList section */

/* Begin XCRemoteSwiftPackageReference section */
		7655E7F42DE9F82F006B0FB5 /* XCRemoteSwiftPackageReference "WaterfallGrid" */ = {
			isa = XCRemoteSwiftPackageReference;
			repositoryURL = "https://github.com/paololeonardi/WaterfallGrid";
			requirement = {
				kind = upToNextMajorVersion;
				minimumVersion = 1.1.0;
			};
		};
		76DC4DDA2DEF57E100B3F5B6 /* XCRemoteSwiftPackageReference "Starscream" */ = {
			isa = XCRemoteSwiftPackageReference;
			repositoryURL = "https://github.com/daltoniam/Starscream";
			requirement = {
				kind = upToNextMajorVersion;
				minimumVersion = 4.0.8;
			};
		};
/* End XCRemoteSwiftPackageReference section */

/* Begin XCSwiftPackageProductDependency section */
		7655E7F52DE9F82F006B0FB5 /* WaterfallGrid */ = {
			isa = XCSwiftPackageProductDependency;
			package = 7655E7F42DE9F82F006B0FB5 /* XCRemoteSwiftPackageReference "WaterfallGrid" */;
			productName = WaterfallGrid;
		};
		76DC4DDB2DEF57E100B3F5B6 /* Starscream */ = {
			isa = XCSwiftPackageProductDependency;
			package = 76DC4DDA2DEF57E100B3F5B6 /* XCRemoteSwiftPackageReference "Starscream" */;
			productName = Starscream;
		};
/* End XCSwiftPackageProductDependency section */
	};
	rootObject = 76AA29CC2DC8FC46003BD2A3 /* Project object */;
}
